PODS:
  - FlutterMacOS (1.0.0)

DEPENDENCIES:
  - FlutterMacOS (from `Flutter/ephemeral`)

EXTERNAL SOURCES:
  FlutterMacOS:
    :path: Flutter/ephemeral

SPEC CHECKSUMS:
  FlutterMacOS: c232990155153907050900a2e175c7773903ba4e

PODFILE CHECKSUM: d16f5e5d196d1ca9863d7a71d5885cad7ffa7d2d

COCOAPODS: 1.16.2
